// !$*UTF8*$!
{
	archiveVersion = 1;
	classes = {
	};
	objectVersion = 50;
	objects = {

/* Begin PBXBuildFile section */
		808DD20725432D9E004AD541 /* AppDelegate.swift in Sources */ = {isa = PBXBuildFile; fileRef = 808DD20625432D9E004AD541 /* AppDelegate.swift */; };
		808DD20925432D9E004AD541 /* SceneDelegate.swift in Sources */ = {isa = PBXBuildFile; fileRef = 808DD20825432D9E004AD541 /* SceneDelegate.swift */; };
		808DD20B25432D9E004AD541 /* ViewController.swift in Sources */ = {isa = PBXBuildFile; fileRef = 808DD20A25432D9E004AD541 /* ViewController.swift */; };
		808DD20E25432D9E004AD541 /* Main.storyboard in Resources */ = {isa = PBXBuildFile; fileRef = 808DD20C25432D9E004AD541 /* Main.storyboard */; };
		808DD21025432D9F004AD541 /* Assets.xcassets in Resources */ = {isa = PBXBuildFile; fileRef = 808DD20F25432D9F004AD541 /* Assets.xcassets */; };
		808DD21325432D9F004AD541 /* LaunchScreen.storyboard in Resources */ = {isa = PBXBuildFile; fileRef = 808DD21125432D9F004AD541 /* LaunchScreen.storyboard */; };
		808DD21E25432DA0004AD541 /* Project8Tests.swift in Sources */ = {isa = PBXBuildFile; fileRef = 808DD21D25432DA0004AD541 /* Project8Tests.swift */; };
		808DD22925432DA0004AD541 /* Project8UITests.swift in Sources */ = {isa = PBXBuildFile; fileRef = 808DD22825432DA0004AD541 /* Project8UITests.swift */; };
/* End PBXBuildFile section */

/* Begin PBXContainerItemProxy section */
		808DD21A25432DA0004AD541 /* PBXContainerItemProxy */ = {
			isa = PBXContainerItemProxy;
			containerPortal = 808DD1FB25432D9D004AD541 /* Project object */;
			proxyType = 1;
			remoteGlobalIDString = 808DD20225432D9E004AD541;
			remoteInfo = Project8;
		};
		808DD22525432DA0004AD541 /* PBXContainerItemProxy */ = {
			isa = PBXContainerItemProxy;
			containerPortal = 808DD1FB25432D9D004AD541 /* Project object */;
			proxyType = 1;
			remoteGlobalIDString = 808DD20225432D9E004AD541;
			remoteInfo = Project8;
		};
/* End PBXContainerItemProxy section */

/* Begin PBXFileReference section */
		808DD20325432D9E004AD541 /* Project8.app */ = {isa = PBXFileReference; explicitFileType = wrapper.application; includeInIndex = 0; path = Project8.app; sourceTree = BUILT_PRODUCTS_DIR; };
		808DD20625432D9E004AD541 /* AppDelegate.swift */ = {isa = PBXFileReference; lastKnownFileType = sourcecode.swift; path = AppDelegate.swift; sourceTree = "<group>"; };
		808DD20825432D9E004AD541 /* SceneDelegate.swift */ = {isa = PBXFileReference; lastKnownFileType = sourcecode.swift; path = SceneDelegate.swift; sourceTree = "<group>"; };
		808DD20A25432D9E004AD541 /* ViewController.swift */ = {isa = PBXFileReference; lastKnownFileType = sourcecode.swift; path = ViewController.swift; sourceTree = "<group>"; };
		808DD20D25432D9E004AD541 /* Base */ = {isa = PBXFileReference; lastKnownFileType = file.storyboard; name = Base; path = Base.lproj/Main.storyboard; sourceTree = "<group>"; };
		808DD20F25432D9F004AD541 /* Assets.xcassets */ = {isa = PBXFileReference; lastKnownFileType = folder.assetcatalog; path = Assets.xcassets; sourceTree = "<group>"; };
		808DD21225432D9F004AD541 /* Base */ = {isa = PBXFileReference; lastKnownFileType = file.storyboard; name = Base; path = Base.lproj/LaunchScreen.storyboard; sourceTree = "<group>"; };
		808DD21425432D9F004AD541 /* Info.plist */ = {isa = PBXFileReference; lastKnownFileType = text.plist.xml; path = Info.plist; sourceTree = "<group>"; };
		808DD21925432DA0004AD541 /* Project8Tests.xctest */ = {isa = PBXFileReference; explicitFileType = wrapper.cfbundle; includeInIndex = 0; path = Project8Tests.xctest; sourceTree = BUILT_PRODUCTS_DIR; };
		808DD21D25432DA0004AD541 /* Project8Tests.swift */ = {isa = PBXFileReference; lastKnownFileType = sourcecode.swift; path = Project8Tests.swift; sourceTree = "<group>"; };
		808DD21F25432DA0004AD541 /* Info.plist */ = {isa = PBXFileReference; lastKnownFileType = text.plist.xml; path = Info.plist; sourceTree = "<group>"; };
		808DD22425432DA0004AD541 /* Project8UITests.xctest */ = {isa = PBXFileReference; explicitFileType = wrapper.cfbundle; includeInIndex = 0; path = Project8UITests.xctest; sourceTree = BUILT_PRODUCTS_DIR; };
		808DD22825432DA0004AD541 /* Project8UITests.swift */ = {isa = PBXFileReference; lastKnownFileType = sourcecode.swift; path = Project8UITests.swift; sourceTree = "<group>"; };
		808DD22A25432DA0004AD541 /* Info.plist */ = {isa = PBXFileReference; lastKnownFileType = text.plist.xml; path = Info.plist; sourceTree = "<group>"; };
/* End PBXFileReference section */

/* Begin PBXFrameworksBuildPhase section */
		808DD20025432D9E004AD541 /* Frameworks */ = {
			isa = PBXFrameworksBuildPhase;
			buildActionMask = 2147483647;
			files = (
			);
			runOnlyForDeploymentPostprocessing = 0;
		};
		808DD21625432DA0004AD541 /* Frameworks */ = {
			isa = PBXFrameworksBuildPhase;
			buildActionMask = 2147483647;
			files = (
			);
			runOnlyForDeploymentPostprocessing = 0;
		};
		808DD22125432DA0004AD541 /* Frameworks */ = {
			isa = PBXFrameworksBuildPhase;
			buildActionMask = 2147483647;
			files = (
			);
			runOnlyForDeploymentPostprocessing = 0;
		};
/* End PBXFrameworksBuildPhase section */

/* Begin PBXGroup section */
		808DD1FA25432D9D004AD541 = {
			isa = PBXGroup;
			children = (
				808DD20525432D9E004AD541 /* Project8 */,
				808DD21C25432DA0004AD541 /* Project8Tests */,
				808DD22725432DA0004AD541 /* Project8UITests */,
				808DD20425432D9E004AD541 /* Products */,
			);
			sourceTree = "<group>";
		};
		808DD20425432D9E004AD541 /* Products */ = {
			isa = PBXGroup;
			children = (
				808DD20325432D9E004AD541 /* Project8.app */,
				808DD21925432DA0004AD541 /* Project8Tests.xctest */,
				808DD22425432DA0004AD541 /* Project8UITests.xctest */,
			);
			name = Products;
			sourceTree = "<group>";
		};
		808DD20525432D9E004AD541 /* Project8 */ = {
			isa = PBXGroup;
			children = (
				808DD20625432D9E004AD541 /* AppDelegate.swift */,
				808DD20825432D9E004AD541 /* SceneDelegate.swift */,
				808DD20A25432D9E004AD541 /* ViewController.swift */,
				808DD20C25432D9E004AD541 /* Main.storyboard */,
				808DD20F25432D9F004AD541 /* Assets.xcassets */,
				808DD21125432D9F004AD541 /* LaunchScreen.storyboard */,
				808DD21425432D9F004AD541 /* Info.plist */,
			);
			path = Project8;
			sourceTree = "<group>";
		};
		808DD21C25432DA0004AD541 /* Project8Tests */ = {
			isa = PBXGroup;
			children = (
				808DD21D25432DA0004AD541 /* Project8Tests.swift */,
				808DD21F25432DA0004AD541 /* Info.plist */,
			);
			path = Project8Tests;
			sourceTree = "<group>";
		};
		808DD22725432DA0004AD541 /* Project8UITests */ = {
			isa = PBXGroup;
			children = (
				808DD22825432DA0004AD541 /* Project8UITests.swift */,
				808DD22A25432DA0004AD541 /* Info.plist */,
			);
			path = Project8UITests;
			sourceTree = "<group>";
		};
/* End PBXGroup section */

/* Begin PBXNativeTarget section */
		808DD20225432D9E004AD541 /* Project8 */ = {
			isa = PBXNativeTarget;
			buildConfigurationList = 808DD22D25432DA0004AD541 /* Build configuration list for PBXNativeTarget "Project8" */;
			buildPhases = (
				808DD1FF25432D9E004AD541 /* Sources */,
				808DD20025432D9E004AD541 /* Frameworks */,
				808DD20125432D9E004AD541 /* Resources */,
			);
			buildRules = (
			);
			dependencies = (
			);
			name = Project8;
			productName = Project8;
			productReference = 808DD20325432D9E004AD541 /* Project8.app */;
			productType = "com.apple.product-type.application";
		};
		808DD21825432DA0004AD541 /* Project8Tests */ = {
			isa = PBXNativeTarget;
			buildConfigurationList = 808DD23025432DA0004AD541 /* Build configuration list for PBXNativeTarget "Project8Tests" */;
			buildPhases = (
				808DD21525432DA0004AD541 /* Sources */,
				808DD21625432DA0004AD541 /* Frameworks */,
				808DD21725432DA0004AD541 /* Resources */,
			);
			buildRules = (
			);
			dependencies = (
				808DD21B25432DA0004AD541 /* PBXTargetDependency */,
			);
			name = Project8Tests;
			productName = Project8Tests;
			productReference = 808DD21925432DA0004AD541 /* Project8Tests.xctest */;
			productType = "com.apple.product-type.bundle.unit-test";
		};
		808DD22325432DA0004AD541 /* Project8UITests */ = {
			isa = PBXNativeTarget;
			buildConfigurationList = 808DD23325432DA0004AD541 /* Build configuration list for PBXNativeTarget "Project8UITests" */;
			buildPhases = (
				808DD22025432DA0004AD541 /* Sources */,
				808DD22125432DA0004AD541 /* Frameworks */,
				808DD22225432DA0004AD541 /* Resources */,
			);
			buildRules = (
			);
			dependencies = (
				808DD22625432DA0004AD541 /* PBXTargetDependency */,
			);
			name = Project8UITests;
			productName = Project8UITests;
			productReference = 808DD22425432DA0004AD541 /* Project8UITests.xctest */;
			productType = "com.apple.product-type.bundle.ui-testing";
		};
/* End PBXNativeTarget section */

/* Begin PBXProject section */
		808DD1FB25432D9D004AD541 /* Project object */ = {
			isa = PBXProject;
			attributes = {
				LastSwiftUpdateCheck = 1210;
				LastUpgradeCheck = 1210;
				TargetAttributes = {
					808DD20225432D9E004AD541 = {
						CreatedOnToolsVersion = 12.1;
					};
					808DD21825432DA0004AD541 = {
						CreatedOnToolsVersion = 12.1;
						TestTargetID = 808DD20225432D9E004AD541;
					};
					808DD22325432DA0004AD541 = {
						CreatedOnToolsVersion = 12.1;
						TestTargetID = 808DD20225432D9E004AD541;
					};
				};
			};
			buildConfigurationList = 808DD1FE25432D9D004AD541 /* Build configuration list for PBXProject "Project8" */;
			compatibilityVersion = "Xcode 9.3";
			developmentRegion = en;
			hasScannedForEncodings = 0;
			knownRegions = (
				en,
				Base,
			);
			mainGroup = 808DD1FA25432D9D004AD541;
			productRefGroup = 808DD20425432D9E004AD541 /* Products */;
			projectDirPath = "";
			projectRoot = "";
			targets = (
				808DD20225432D9E004AD541 /* Project8 */,
				808DD21825432DA0004AD541 /* Project8Tests */,
				808DD22325432DA0004AD541 /* Project8UITests */,
			);
		};
/* End PBXProject section */

/* Begin PBXResourcesBuildPhase section */
		808DD20125432D9E004AD541 /* Resources */ = {
			isa = PBXResourcesBuildPhase;
			buildActionMask = 2147483647;
			files = (
				808DD21325432D9F004AD541 /* LaunchScreen.storyboard in Resources */,
				808DD21025432D9F004AD541 /* Assets.xcassets in Resources */,
				808DD20E25432D9E004AD541 /* Main.storyboard in Resources */,
			);
			runOnlyForDeploymentPostprocessing = 0;
		};
		808DD21725432DA0004AD541 /* Resources */ = {
			isa = PBXResourcesBuildPhase;
			buildActionMask = 2147483647;
			files = (
			);
			runOnlyForDeploymentPostprocessing = 0;
		};
		808DD22225432DA0004AD541 /* Resources */ = {
			isa = PBXResourcesBuildPhase;
			buildActionMask = 2147483647;
			files = (
			);
			runOnlyForDeploymentPostprocessing = 0;
		};
/* End PBXResourcesBuildPhase section */

/* Begin PBXSourcesBuildPhase section */
		808DD1FF25432D9E004AD541 /* Sources */ = {
			isa = PBXSourcesBuildPhase;
			buildActionMask = 2147483647;
			files = (
				808DD20B25432D9E004AD541 /* ViewController.swift in Sources */,
				808DD20725432D9E004AD541 /* AppDelegate.swift in Sources */,
				808DD20925432D9E004AD541 /* SceneDelegate.swift in Sources */,
			);
			runOnlyForDeploymentPostprocessing = 0;
		};
		808DD21525432DA0004AD541 /* Sources */ = {
			isa = PBXSourcesBuildPhase;
			buildActionMask = 2147483647;
			files = (
				808DD21E25432DA0004AD541 /* Project8Tests.swift in Sources */,
			);
			runOnlyForDeploymentPostprocessing = 0;
		};
		808DD22025432DA0004AD541 /* Sources */ = {
			isa = PBXSourcesBuildPhase;
			buildActionMask = 2147483647;
			files = (
				808DD22925432DA0004AD541 /* Project8UITests.swift in Sources */,
			);
			runOnlyForDeploymentPostprocessing = 0;
		};
/* End PBXSourcesBuildPhase section */

/* Begin PBXTargetDependency section */
		808DD21B25432DA0004AD541 /* PBXTargetDependency */ = {
			isa = PBXTargetDependency;
			target = 808DD20225432D9E004AD541 /* Project8 */;
			targetProxy = 808DD21A25432DA0004AD541 /* PBXContainerItemProxy */;
		};
		808DD22625432DA0004AD541 /* PBXTargetDependency */ = {
			isa = PBXTargetDependency;
			target = 808DD20225432D9E004AD541 /* Project8 */;
			targetProxy = 808DD22525432DA0004AD541 /* PBXContainerItemProxy */;
		};
/* End PBXTargetDependency section */

/* Begin PBXVariantGroup section */
		808DD20C25432D9E004AD541 /* Main.storyboard */ = {
			isa = PBXVariantGroup;
			children = (
				808DD20D25432D9E004AD541 /* Base */,
			);
			name = Main.storyboard;
			sourceTree = "<group>";
		};
		808DD21125432D9F004AD541 /* LaunchScreen.storyboard */ = {
			isa = PBXVariantGroup;
			children = (
				808DD21225432D9F004AD541 /* Base */,
			);
			name = LaunchScreen.storyboard;
			sourceTree = "<group>";
		};
/* End PBXVariantGroup section */

/* Begin XCBuildConfiguration section */
		808DD22B25432DA0004AD541 /* Debug */ = {
			isa = XCBuildConfiguration;
			buildSettings = {
				ALWAYS_SEARCH_USER_PATHS = NO;
				CLANG_ANALYZER_NONNULL = YES;
				CLANG_ANALYZER_NUMBER_OBJECT_CONVERSION = YES_AGGRESSIVE;
				CLANG_CXX_LANGUAGE_STANDARD = "gnu++14";
				CLANG_CXX_LIBRARY = "libc++";
				CLANG_ENABLE_MODULES = YES;
				CLANG_ENABLE_OBJC_ARC = YES;
				CLANG_ENABLE_OBJC_WEAK = YES;
				CLANG_WARN_BLOCK_CAPTURE_AUTORELEASING = YES;
				CLANG_WARN_BOOL_CONVERSION = YES;
				CLANG_WARN_COMMA = YES;
				CLANG_WARN_CONSTANT_CONVERSION = YES;
				CLANG_WARN_DEPRECATED_OBJC_IMPLEMENTATIONS = YES;
				CLANG_WARN_DIRECT_OBJC_ISA_USAGE = YES_ERROR;
				CLANG_WARN_DOCUMENTATION_COMMENTS = YES;
				CLANG_WARN_EMPTY_BODY = YES;
				CLANG_WARN_ENUM_CONVERSION = YES;
				CLANG_WARN_INFINITE_RECURSION = YES;
				CLANG_WARN_INT_CONVERSION = YES;
				CLANG_WARN_NON_LITERAL_NULL_CONVERSION = YES;
				CLANG_WARN_OBJC_IMPLICIT_RETAIN_SELF = YES;
				CLANG_WARN_OBJC_LITERAL_CONVERSION = YES;
				CLANG_WARN_OBJC_ROOT_CLASS = YES_ERROR;
				CLANG_WARN_QUOTED_INCLUDE_IN_FRAMEWORK_HEADER = YES;
				CLANG_WARN_RANGE_LOOP_ANALYSIS = YES;
				CLANG_WARN_STRICT_PROTOTYPES = YES;
				CLANG_WARN_SUSPICIOUS_MOVE = YES;
				CLANG_WARN_UNGUARDED_AVAILABILITY = YES_AGGRESSIVE;
				CLANG_WARN_UNREACHABLE_CODE = YES;
				CLANG_WARN__DUPLICATE_METHOD_MATCH = YES;
				COPY_PHASE_STRIP = NO;
				DEBUG_INFORMATION_FORMAT = dwarf;
				ENABLE_STRICT_OBJC_MSGSEND = YES;
				ENABLE_TESTABILITY = YES;
				GCC_C_LANGUAGE_STANDARD = gnu11;
				GCC_DYNAMIC_NO_PIC = NO;
				GCC_NO_COMMON_BLOCKS = YES;
				GCC_OPTIMIZATION_LEVEL = 0;
				GCC_PREPROCESSOR_DEFINITIONS = (
					"DEBUG=1",
					"$(inherited)",
				);
				GCC_WARN_64_TO_32_BIT_CONVERSION = YES;
				GCC_WARN_ABOUT_RETURN_TYPE = YES_ERROR;
				GCC_WARN_UNDECLARED_SELECTOR = YES;
				GCC_WARN_UNINITIALIZED_AUTOS = YES_AGGRESSIVE;
				GCC_WARN_UNUSED_FUNCTION = YES;
				GCC_WARN_UNUSED_VARIABLE = YES;
				IPHONEOS_DEPLOYMENT_TARGET = 14.1;
				MTL_ENABLE_DEBUG_INFO = INCLUDE_SOURCE;
				MTL_FAST_MATH = YES;
				ONLY_ACTIVE_ARCH = YES;
				SDKROOT = iphoneos;
				SWIFT_ACTIVE_COMPILATION_CONDITIONS = DEBUG;
				SWIFT_OPTIMIZATION_LEVEL = "-Onone";
			};
			name = Debug;
		};
		808DD22C25432DA0004AD541 /* Release */ = {
			isa = XCBuildConfiguration;
			buildSettings = {
				ALWAYS_SEARCH_USER_PATHS = NO;
				CLANG_ANALYZER_NONNULL = YES;
				CLANG_ANALYZER_NUMBER_OBJECT_CONVERSION = YES_AGGRESSIVE;
				CLANG_CXX_LANGUAGE_STANDARD = "gnu++14";
				CLANG_CXX_LIBRARY = "libc++";
				CLANG_ENABLE_MODULES = YES;
				CLANG_ENABLE_OBJC_ARC = YES;
				CLANG_ENABLE_OBJC_WEAK = YES;
				CLANG_WARN_BLOCK_CAPTURE_AUTORELEASING = YES;
				CLANG_WARN_BOOL_CONVERSION = YES;
				CLANG_WARN_COMMA = YES;
				CLANG_WARN_CONSTANT_CONVERSION = YES;
				CLANG_WARN_DEPRECATED_OBJC_IMPLEMENTATIONS = YES;
				CLANG_WARN_DIRECT_OBJC_ISA_USAGE = YES_ERROR;
				CLANG_WARN_DOCUMENTATION_COMMENTS = YES;
				CLANG_WARN_EMPTY_BODY = YES;
				CLANG_WARN_ENUM_CONVERSION = YES;
				CLANG_WARN_INFINITE_RECURSION = YES;
				CLANG_WARN_INT_CONVERSION = YES;
				CLANG_WARN_NON_LITERAL_NULL_CONVERSION = YES;
				CLANG_WARN_OBJC_IMPLICIT_RETAIN_SELF = YES;
				CLANG_WARN_OBJC_LITERAL_CONVERSION = YES;
				CLANG_WARN_OBJC_ROOT_CLASS = YES_ERROR;
				CLANG_WARN_QUOTED_INCLUDE_IN_FRAMEWORK_HEADER = YES;
				CLANG_WARN_RANGE_LOOP_ANALYSIS = YES;
				CLANG_WARN_STRICT_PROTOTYPES = YES;
				CLANG_WARN_SUSPICIOUS_MOVE = YES;
				CLANG_WARN_UNGUARDED_AVAILABILITY = YES_AGGRESSIVE;
				CLANG_WARN_UNREACHABLE_CODE = YES;
				CLANG_WARN__DUPLICATE_METHOD_MATCH = YES;
				COPY_PHASE_STRIP = NO;
				DEBUG_INFORMATION_FORMAT = "dwarf-with-dsym";
				ENABLE_NS_ASSERTIONS = NO;
				ENABLE_STRICT_OBJC_MSGSEND = YES;
				GCC_C_LANGUAGE_STANDARD = gnu11;
				GCC_NO_COMMON_BLOCKS = YES;
				GCC_WARN_64_TO_32_BIT_CONVERSION = YES;
				GCC_WARN_ABOUT_RETURN_TYPE = YES_ERROR;
				GCC_WARN_UNDECLARED_SELECTOR = YES;
				GCC_WARN_UNINITIALIZED_AUTOS = YES_AGGRESSIVE;
				GCC_WARN_UNUSED_FUNCTION = YES;
				GCC_WARN_UNUSED_VARIABLE = YES;
				IPHONEOS_DEPLOYMENT_TARGET = 14.1;
				MTL_ENABLE_DEBUG_INFO = NO;
				MTL_FAST_MATH = YES;
				SDKROOT = iphoneos;
				SWIFT_COMPILATION_MODE = wholemodule;
				SWIFT_OPTIMIZATION_LEVEL = "-O";
				VALIDATE_PRODUCT = YES;
			};
			name = Release;
		};
		808DD22E25432DA0004AD541 /* Debug */ = {
			isa = XCBuildConfiguration;
			buildSettings = {
				ASSETCATALOG_COMPILER_APPICON_NAME = AppIcon;
				ASSETCATALOG_COMPILER_GLOBAL_ACCENT_COLOR_NAME = AccentColor;
				CODE_SIGN_STYLE = Automatic;
				INFOPLIST_FILE = Project8/Info.plist;
				LD_RUNPATH_SEARCH_PATHS = (
					"$(inherited)",
					"@executable_path/Frameworks",
				);
				PRODUCT_BUNDLE_IDENTIFIER = com.Project8;
				PRODUCT_NAME = "$(TARGET_NAME)";
				SWIFT_VERSION = 5.0;
				TARGETED_DEVICE_FAMILY = "1,2";
			};
			name = Debug;
		};
		808DD22F25432DA0004AD541 /* Release */ = {
			isa = XCBuildConfiguration;
			buildSettings = {
				ASSETCATALOG_COMPILER_APPICON_NAME = AppIcon;
				ASSETCATALOG_COMPILER_GLOBAL_ACCENT_COLOR_NAME = AccentColor;
				CODE_SIGN_STYLE = Automatic;
				INFOPLIST_FILE = Project8/Info.plist;
				LD_RUNPATH_SEARCH_PATHS = (
					"$(inherited)",
					"@executable_path/Frameworks",
				);
				PRODUCT_BUNDLE_IDENTIFIER = com.Project8;
				PRODUCT_NAME = "$(TARGET_NAME)";
				SWIFT_VERSION = 5.0;
				TARGETED_DEVICE_FAMILY = "1,2";
			};
			name = Release;
		};
		808DD23125432DA0004AD541 /* Debug */ = {
			isa = XCBuildConfiguration;
			buildSettings = {
				ALWAYS_EMBED_SWIFT_STANDARD_LIBRARIES = YES;
				BUNDLE_LOADER = "$(TEST_HOST)";
				CODE_SIGN_STYLE = Automatic;
				INFOPLIST_FILE = Project8Tests/Info.plist;
				IPHONEOS_DEPLOYMENT_TARGET = 14.1;
				LD_RUNPATH_SEARCH_PATHS = (
					"$(inherited)",
					"@executable_path/Frameworks",
					"@loader_path/Frameworks",
				);
				PRODUCT_BUNDLE_IDENTIFIER = com.Project8Tests;
				PRODUCT_NAME = "$(TARGET_NAME)";
				SWIFT_VERSION = 5.0;
				TARGETED_DEVICE_FAMILY = "1,2";
				TEST_HOST = "$(BUILT_PRODUCTS_DIR)/Project8.app/Project8";
			};
			name = Debug;
		};
		808DD23225432DA0004AD541 /* Release */ = {
			isa = XCBuildConfiguration;
			buildSettings = {
				ALWAYS_EMBED_SWIFT_STANDARD_LIBRARIES = YES;
				BUNDLE_LOADER = "$(TEST_HOST)";
				CODE_SIGN_STYLE = Automatic;
				INFOPLIST_FILE = Project8Tests/Info.plist;
				IPHONEOS_DEPLOYMENT_TARGET = 14.1;
				LD_RUNPATH_SEARCH_PATHS = (
					"$(inherited)",
					"@executable_path/Frameworks",
					"@loader_path/Frameworks",
				);
				PRODUCT_BUNDLE_IDENTIFIER = com.Project8Tests;
				PRODUCT_NAME = "$(TARGET_NAME)";
				SWIFT_VERSION = 5.0;
				TARGETED_DEVICE_FAMILY = "1,2";
				TEST_HOST = "$(BUILT_PRODUCTS_DIR)/Project8.app/Project8";
			};
			name = Release;
		};
		808DD23425432DA0004AD541 /* Debug */ = {
			isa = XCBuildConfiguration;
			buildSettings = {
				ALWAYS_EMBED_SWIFT_STANDARD_LIBRARIES = YES;
				CODE_SIGN_STYLE = Automatic;
				INFOPLIST_FILE = Project8UITests/Info.plist;
				LD_RUNPATH_SEARCH_PATHS = (
					"$(inherited)",
					"@executable_path/Frameworks",
					"@loader_path/Frameworks",
				);
				PRODUCT_BUNDLE_IDENTIFIER = com.Project8UITests;
				PRODUCT_NAME = "$(TARGET_NAME)";
				SWIFT_VERSION = 5.0;
				TARGETED_DEVICE_FAMILY = "1,2";
				TEST_TARGET_NAME = Project8;
			};
			name = Debug;
		};
		808DD23525432DA0004AD541 /* Release */ = {
			isa = XCBuildConfiguration;
			buildSettings = {
				ALWAYS_EMBED_SWIFT_STANDARD_LIBRARIES = YES;
				CODE_SIGN_STYLE = Automatic;
				INFOPLIST_FILE = Project8UITests/Info.plist;
				LD_RUNPATH_SEARCH_PATHS = (
					"$(inherited)",
					"@executable_path/Frameworks",
					"@loader_path/Frameworks",
				);
				PRODUCT_BUNDLE_IDENTIFIER = com.Project8UITests;
				PRODUCT_NAME = "$(TARGET_NAME)";
				SWIFT_VERSION = 5.0;
				TARGETED_DEVICE_FAMILY = "1,2";
				TEST_TARGET_NAME = Project8;
			};
			name = Release;
		};
/* End XCBuildConfiguration section */

/* Begin XCConfigurationList section */
		808DD1FE25432D9D004AD541 /* Build configuration list for PBXProject "Project8" */ = {
			isa = XCConfigurationList;
			buildConfigurations = (
				808DD22B25432DA0004AD541 /* Debug */,
				808DD22C25432DA0004AD541 /* Release */,
			);
			defaultConfigurationIsVisible = 0;
			defaultConfigurationName = Release;
		};
		808DD22D25432DA0004AD541 /* Build configuration list for PBXNativeTarget "Project8" */ = {
			isa = XCConfigurationList;
			buildConfigurations = (
				808DD22E25432DA0004AD541 /* Debug */,
				808DD22F25432DA0004AD541 /* Release */,
			);
			defaultConfigurationIsVisible = 0;
			defaultConfigurationName = Release;
		};
		808DD23025432DA0004AD541 /* Build configuration list for PBXNativeTarget "Project8Tests" */ = {
			isa = XCConfigurationList;
			buildConfigurations = (
				808DD23125432DA0004AD541 /* Debug */,
				808DD23225432DA0004AD541 /* Release */,
			);
			defaultConfigurationIsVisible = 0;
			defaultConfigurationName = Release;
		};
		808DD23325432DA0004AD541 /* Build configuration list for PBXNativeTarget "Project8UITests" */ = {
			isa = XCConfigurationList;
			buildConfigurations = (
				808DD23425432DA0004AD541 /* Debug */,
				808DD23525432DA0004AD541 /* Release */,
			);
			defaultConfigurationIsVisible = 0;
			defaultConfigurationName = Release;
		};
/* End XCConfigurationList section */
	};
	rootObject = 808DD1FB25432D9D004AD541 /* Project object */;
}
